
Microsoft Visual Studio Solution File, Format Version 12.00
# Visual Studio Version 17
VisualStudioVersion = 17.0.31903.59
MinimumVisualStudioVersion = 10.0.40219.1
Project("{2150E333-8FDC-42A3-9474-1A3956D46DE8}") = "Solution Items", "Solution Items", "{33F64C89-5774-4B30-A2AA-3AE94E7BF78D}"
	ProjectSection(SolutionItems) = preProject
		.gitignore = .gitignore
		Directory.Build.props = Directory.Build.props
		Directory.Packages.props = Directory.Packages.props
		README.md = README.md
	EndProjectSection
EndProject
Project("{2150E333-8FDC-42A3-9474-1A3956D46DE8}") = "src", "src", "{C5E203CF-50B4-41AF-BF81-BD96AC1E82B9}"
EndProject
Project("{9A19103F-16F7-4668-BE54-9A1E7A4F7556}") = "ALSI.PrimitiveValidation", "src\ALSI.PrimitiveValidation.csproj", "{D1723452-A166-47E7-94CF-A047044A8266}"
EndProject
Project("{2150E333-8FDC-42A3-9474-1A3956D46DE8}") = "tests", "tests", "{B489DD86-0CBE-42CC-A43F-CF6BFA3A6642}"
	ProjectSection(SolutionItems) = preProject
		tests\Directory.Build.props = tests\Directory.Build.props
	EndProjectSection
EndProject
Project("{9A19103F-16F7-4668-BE54-9A1E7A4F7556}") = "ALSI.PrimitiveValidation.UnitTests", "tests\unit\ALSI.PrimitiveValidation.UnitTests.csproj", "{E5108336-3C35-4F21-80A6-5DF27FA60DCB}"
EndProject
Project("{9A19103F-16F7-4668-BE54-9A1E7A4F7556}") = "ALSI.PrimitiveValidation.Benchmarks", "tests\benchmark\ALSI.PrimitiveValidation.Benchmarks.csproj", "{AD889025-84A5-4A75-8229-759D9BF4D9EE}"
EndProject
Global
	GlobalSection(SolutionConfigurationPlatforms) = preSolution
		Debug|Any CPU = Debug|Any CPU
		Debug|x64 = Debug|x64
		Debug|x86 = Debug|x86
		Release|Any CPU = Release|Any CPU
		Release|x64 = Release|x64
		Release|x86 = Release|x86
	EndGlobalSection
	GlobalSection(ProjectConfigurationPlatforms) = postSolution
		{D1723452-A166-47E7-94CF-A047044A8266}.Debug|Any CPU.ActiveCfg = Debug|Any CPU
		{D1723452-A166-47E7-94CF-A047044A8266}.Debug|Any CPU.Build.0 = Debug|Any CPU
		{D1723452-A166-47E7-94CF-A047044A8266}.Debug|x64.ActiveCfg = Debug|Any CPU
		{D1723452-A166-47E7-94CF-A047044A8266}.Debug|x64.Build.0 = Debug|Any CPU
		{D1723452-A166-47E7-94CF-A047044A8266}.Debug|x86.ActiveCfg = Debug|Any CPU
		{D1723452-A166-47E7-94CF-A047044A8266}.Debug|x86.Build.0 = Debug|Any CPU
		{D1723452-A166-47E7-94CF-A047044A8266}.Release|Any CPU.ActiveCfg = Release|Any CPU
		{D1723452-A166-47E7-94CF-A047044A8266}.Release|Any CPU.Build.0 = Release|Any CPU
		{D1723452-A166-47E7-94CF-A047044A8266}.Release|x64.ActiveCfg = Release|Any CPU
		{D1723452-A166-47E7-94CF-A047044A8266}.Release|x64.Build.0 = Release|Any CPU
		{D1723452-A166-47E7-94CF-A047044A8266}.Release|x86.ActiveCfg = Release|Any CPU
		{D1723452-A166-47E7-94CF-A047044A8266}.Release|x86.Build.0 = Release|Any CPU
		{E5108336-3C35-4F21-80A6-5DF27FA60DCB}.Debug|Any CPU.ActiveCfg = Debug|Any CPU
		{E5108336-3C35-4F21-80A6-5DF27FA60DCB}.Debug|Any CPU.Build.0 = Debug|Any CPU
		{E5108336-3C35-4F21-80A6-5DF27FA60DCB}.Debug|x64.ActiveCfg = Debug|Any CPU
		{E5108336-3C35-4F21-80A6-5DF27FA60DCB}.Debug|x64.Build.0 = Debug|Any CPU
		{E5108336-3C35-4F21-80A6-5DF27FA60DCB}.Debug|x86.ActiveCfg = Debug|Any CPU
		{E5108336-3C35-4F21-80A6-5DF27FA60DCB}.Debug|x86.Build.0 = Debug|Any CPU
		{E5108336-3C35-4F21-80A6-5DF27FA60DCB}.Release|Any CPU.ActiveCfg = Release|Any CPU
		{E5108336-3C35-4F21-80A6-5DF27FA60DCB}.Release|Any CPU.Build.0 = Release|Any CPU
		{E5108336-3C35-4F21-80A6-5DF27FA60DCB}.Release|x64.ActiveCfg = Release|Any CPU
		{E5108336-3C35-4F21-80A6-5DF27FA60DCB}.Release|x64.Build.0 = Release|Any CPU
		{E5108336-3C35-4F21-80A6-5DF27FA60DCB}.Release|x86.ActiveCfg = Release|Any CPU
		{E5108336-3C35-4F21-80A6-5DF27FA60DCB}.Release|x86.Build.0 = Release|Any CPU
		{AD889025-84A5-4A75-8229-759D9BF4D9EE}.Debug|Any CPU.ActiveCfg = Debug|Any CPU
		{AD889025-84A5-4A75-8229-759D9BF4D9EE}.Debug|Any CPU.Build.0 = Debug|Any CPU
		{AD889025-84A5-4A75-8229-759D9BF4D9EE}.Debug|x64.ActiveCfg = Debug|Any CPU
		{AD889025-84A5-4A75-8229-759D9BF4D9EE}.Debug|x64.Build.0 = Debug|Any CPU
		{AD889025-84A5-4A75-8229-759D9BF4D9EE}.Debug|x86.ActiveCfg = Debug|Any CPU
		{AD889025-84A5-4A75-8229-759D9BF4D9EE}.Debug|x86.Build.0 = Debug|Any CPU
		{AD889025-84A5-4A75-8229-759D9BF4D9EE}.Release|Any CPU.ActiveCfg = Release|Any CPU
		{AD889025-84A5-4A75-8229-759D9BF4D9EE}.Release|Any CPU.Build.0 = Release|Any CPU
		{AD889025-84A5-4A75-8229-759D9BF4D9EE}.Release|x64.ActiveCfg = Release|Any CPU
		{AD889025-84A5-4A75-8229-759D9BF4D9EE}.Release|x64.Build.0 = Release|Any CPU
		{AD889025-84A5-4A75-8229-759D9BF4D9EE}.Release|x86.ActiveCfg = Release|Any CPU
		{AD889025-84A5-4A75-8229-759D9BF4D9EE}.Release|x86.Build.0 = Release|Any CPU
	EndGlobalSection
	GlobalSection(SolutionProperties) = preSolution
		HideSolutionNode = FALSE
	EndGlobalSection
	GlobalSection(NestedProjects) = preSolution
		{D1723452-A166-47E7-94CF-A047044A8266} = {C5E203CF-50B4-41AF-BF81-BD96AC1E82B9}
		{E5108336-3C35-4F21-80A6-5DF27FA60DCB} = {B489DD86-0CBE-42CC-A43F-CF6BFA3A6642}
		{AD889025-84A5-4A75-8229-759D9BF4D9EE} = {B489DD86-0CBE-42CC-A43F-CF6BFA3A6642}
	EndGlobalSection
	GlobalSection(ExtensibilityGlobals) = postSolution
		SolutionGuid = {49DC1BC3-1990-485A-B15D-62734D539589}
	EndGlobalSection
EndGlobal
